{
  "name": "Router Proyect",
  "lockfileVersion": 2,
  "requires": true,
  "packages": {
    "": {
      "dependencies": {
        "@fontsource/alata": "^4.5.0",
        "@fontsource/roboto": "^4.5.1"
      }
    },
    "node_modules/@fontsource/alata": {
      "version": "4.5.0",
      "resolved": "https://registry.npmjs.org/@fontsource/alata/-/alata-4.5.0.tgz",
      "integrity": "sha512-seoroxSLuvySRE+PU54rHjYHLeK8wdbrvPaUBFpI4imyahyh3JOvF7wGE32iPS/0RjHT1eHdyrIc/V5z4fHJ8g=="
    },
    "node_modules/@fontsource/roboto": {
      "version": "4.5.1",
      "resolved": "https://registry.npmjs.org/@fontsource/roboto/-/roboto-4.5.1.tgz",
      "integrity": "sha512-3mhfL+eNPG/woMNqwD/OHaW5qMpeGEBsDwzmhFmjB1yUV+M+M9P0NhP/AyHvnGz3DrqkvZ7CPzNMa+UkVLeELg=="
    }
  },
  "dependencies": {
    "@fontsource/alata": {
      "version": "4.5.0",
      "resolved": "https://registry.npmjs.org/@fontsource/alata/-/alata-4.5.0.tgz",
      "integrity": "sha512-seoroxSLuvySRE+PU54rHjYHLeK8wdbrvPaUBFpI4imyahyh3JOvF7wGE32iPS/0RjHT1eHdyrIc/V5z4fHJ8g=="
    },
    "@fontsource/roboto": {
      "version": "4.5.1",
      "resolved": "https://registry.npmjs.org/@fontsource/roboto/-/roboto-4.5.1.tgz",
      "integrity": "sha512-3mhfL+eNPG/woMNqwD/OHaW5qMpeGEBsDwzmhFmjB1yUV+M+M9P0NhP/AyHvnGz3DrqkvZ7CPzNMa+UkVLeELg=="
    }
  }
}
